# This is a Gradle generated file for dependency locking.
# Manual edits can break the build and are not advised.
# This file is expected to be part of source control.
aws.sdk.kotlin.crt:aws-crt-kotlin:0.12.7=implementationDependenciesMetadata,testImplementationDependenciesMetadata
aws.sdk.kotlin:aws-config-jvm:1.6.68=compileClasspath,runtimeClasspath,testCompileClasspath,testRuntimeClasspath
aws.sdk.kotlin:aws-config:1.6.68=compileClasspath,implementationDependenciesMetadata,runtimeClasspath,testCompileClasspath,testImplementationDependenciesMetadata,testRuntimeClasspath
aws.sdk.kotlin:aws-core-jvm:1.6.68=compileClasspath,runtimeClasspath,testCompileClasspath,testRuntimeClasspath
aws.sdk.kotlin:aws-core:1.6.68=compileClasspath,implementationDependenciesMetadata,runtimeClasspath,testCompileClasspath,testImplementationDependenciesMetadata,testRuntimeClasspath
aws.sdk.kotlin:aws-endpoint-jvm:1.6.68=compileClasspath,runtimeClasspath,testCompileClasspath,testRuntimeClasspath
aws.sdk.kotlin:aws-endpoint:1.6.68=compileClasspath,implementationDependenciesMetadata,runtimeClasspath,testCompileClasspath,testImplementationDependenciesMetadata,testRuntimeClasspath
aws.sdk.kotlin:aws-http-jvm:1.6.68=runtimeClasspath,testRuntimeClasspath
aws.sdk.kotlin:aws-http:1.6.68=runtimeClasspath,testRuntimeClasspath
aws.sdk.kotlin:bedrockruntime-jvm:1.6.68=compileClasspath,runtimeClasspath,testCompileClasspath,testRuntimeClasspath
aws.sdk.kotlin:bedrockruntime:1.6.68=compileClasspath,implementationDependenciesMetadata,runtimeClasspath,testCompileClasspath,testImplementationDependenciesMetadata,testRuntimeClasspath
aws.sdk.kotlin:s3-jvm:1.6.68=runtimeClasspath,testRuntimeClasspath
aws.sdk.kotlin:s3:1.6.68=runtimeClasspath,testRuntimeClasspath
aws.smithy.kotlin:aws-credentials-jvm:1.6.12=compileClasspath,runtimeClasspath,testCompileClasspath,testRuntimeClasspath
aws.smithy.kotlin:aws-credentials:1.6.12=compileClasspath,implementationDependenciesMetadata,runtimeClasspath,testCompileClasspath,testImplementationDependenciesMetadata,testRuntimeClasspath
aws.smithy.kotlin:aws-event-stream-jvm:1.6.12=runtimeClasspath,testRuntimeClasspath
aws.smithy.kotlin:aws-event-stream:1.6.12=runtimeClasspath,testRuntimeClasspath
aws.smithy.kotlin:aws-json-protocols-jvm:1.6.12=runtimeClasspath,testRuntimeClasspath
aws.smithy.kotlin:aws-json-protocols:1.6.12=runtimeClasspath,testRuntimeClasspath
aws.smithy.kotlin:aws-protocol-core-jvm:1.6.12=runtimeClasspath,testRuntimeClasspath
aws.smithy.kotlin:aws-protocol-core:1.6.12=runtimeClasspath,testRuntimeClasspath
aws.smithy.kotlin:aws-signing-common-jvm:1.6.12=compileClasspath,runtimeClasspath,testCompileClasspath,testRuntimeClasspath
aws.smithy.kotlin:aws-signing-common:1.6.12=compileClasspath,implementationDependenciesMetadata,runtimeClasspath,testCompileClasspath,testImplementationDependenciesMetadata,testRuntimeClasspath
aws.smithy.kotlin:aws-signing-default-jvm:1.6.12=runtimeClasspath,testRuntimeClasspath
aws.smithy.kotlin:aws-signing-default:1.6.12=runtimeClasspath,testRuntimeClasspath
aws.smithy.kotlin:aws-xml-protocols-jvm:1.6.12=runtimeClasspath,testRuntimeClasspath
aws.smithy.kotlin:aws-xml-protocols:1.6.12=runtimeClasspath,testRuntimeClasspath
aws.smithy.kotlin:http-auth-api-jvm:1.6.12=compileClasspath,runtimeClasspath,testCompileClasspath,testRuntimeClasspath
aws.smithy.kotlin:http-auth-api:1.6.12=compileClasspath,implementationDependenciesMetadata,runtimeClasspath,testCompileClasspath,testImplementationDependenciesMetadata,testRuntimeClasspath
aws.smithy.kotlin:http-auth-aws-jvm:1.6.12=runtimeClasspath,testRuntimeClasspath
aws.smithy.kotlin:http-auth-aws:1.6.12=runtimeClasspath,testRuntimeClasspath
aws.smithy.kotlin:http-auth-jvm:1.6.12=compileClasspath,runtimeClasspath,testCompileClasspath,testRuntimeClasspath
aws.smithy.kotlin:http-auth:1.6.12=compileClasspath,implementationDependenciesMetadata,runtimeClasspath,testCompileClasspath,testImplementationDependenciesMetadata,testRuntimeClasspath
aws.smithy.kotlin:http-client-engine-default-jvm:1.6.12=runtimeClasspath,testRuntimeClasspath
aws.smithy.kotlin:http-client-engine-default:1.6.12=runtimeClasspath,testRuntimeClasspath
aws.smithy.kotlin:http-client-engine-okhttp-jvm:1.6.12=runtimeClasspath,testRuntimeClasspath
aws.smithy.kotlin:http-client-engine-okhttp:1.6.12=runtimeClasspath,testRuntimeClasspath
aws.smithy.kotlin:http-client-jvm:1.6.12=compileClasspath,runtimeClasspath,testCompileClasspath,testRuntimeClasspath
aws.smithy.kotlin:http-client:1.6.12=compileClasspath,implementationDependenciesMetadata,runtimeClasspath,testCompileClasspath,testImplementationDependenciesMetadata,testRuntimeClasspath
aws.smithy.kotlin:http-jvm:1.6.12=compileClasspath,runtimeClasspath,testCompileClasspath,testRuntimeClasspath
aws.smithy.kotlin:http:1.6.12=compileClasspath,implementationDependenciesMetadata,runtimeClasspath,testCompileClasspath,testImplementationDependenciesMetadata,testRuntimeClasspath
aws.smithy.kotlin:identity-api-jvm:1.6.12=compileClasspath,runtimeClasspath,testCompileClasspath,testRuntimeClasspath
aws.smithy.kotlin:identity-api:1.6.12=compileClasspath,implementationDependenciesMetadata,runtimeClasspath,testCompileClasspath,testImplementationDependenciesMetadata,testRuntimeClasspath
aws.smithy.kotlin:logging-slf4j2-jvm:1.6.12=runtimeClasspath,testRuntimeClasspath
aws.smithy.kotlin:logging-slf4j2:1.6.12=runtimeClasspath,testRuntimeClasspath
aws.smithy.kotlin:runtime-core-jvm:1.6.12=compileClasspath,runtimeClasspath,testCompileClasspath,testRuntimeClasspath
aws.smithy.kotlin:runtime-core:1.6.12=compileClasspath,implementationDependenciesMetadata,runtimeClasspath,testCompileClasspath,testImplementationDependenciesMetadata,testRuntimeClasspath
aws.smithy.kotlin:serde-form-url-jvm:1.6.12=runtimeClasspath,testRuntimeClasspath
aws.smithy.kotlin:serde-form-url:1.6.12=runtimeClasspath,testRuntimeClasspath
aws.smithy.kotlin:serde-json-jvm:1.6.12=runtimeClasspath,testRuntimeClasspath
aws.smithy.kotlin:serde-json:1.6.12=runtimeClasspath,testRuntimeClasspath
aws.smithy.kotlin:serde-jvm:1.6.12=runtimeClasspath,testRuntimeClasspath
aws.smithy.kotlin:serde-xml-jvm:1.6.12=runtimeClasspath,testRuntimeClasspath
aws.smithy.kotlin:serde-xml:1.6.12=runtimeClasspath,testRuntimeClasspath
aws.smithy.kotlin:serde:1.6.12=runtimeClasspath,testRuntimeClasspath
aws.smithy.kotlin:smithy-client-jvm:1.6.12=compileClasspath,runtimeClasspath,testCompileClasspath,testRuntimeClasspath
aws.smithy.kotlin:smithy-client:1.6.12=compileClasspath,implementationDependenciesMetadata,runtimeClasspath,testCompileClasspath,testImplementationDependenciesMetadata,testRuntimeClasspath
aws.smithy.kotlin:telemetry-api-jvm:1.6.12=compileClasspath,runtimeClasspath,testCompileClasspath,testRuntimeClasspath
aws.smithy.kotlin:telemetry-api:1.6.12=compileClasspath,implementationDependenciesMetadata,runtimeClasspath,testCompileClasspath,testImplementationDependenciesMetadata,testRuntimeClasspath
aws.smithy.kotlin:telemetry-defaults-jvm:1.6.12=runtimeClasspath,testRuntimeClasspath
aws.smithy.kotlin:telemetry-defaults:1.6.12=runtimeClasspath,testRuntimeClasspath
biz.aQute.bnd:biz.aQute.bnd.annotation:7.1.0=compileClasspath,implementationDependenciesMetadata,testCompileClasspath,testImplementationDependenciesMetadata
ch.qos.logback:logback-classic:1.3.14=ktlint
ch.qos.logback:logback-classic:1.5.12=compileClasspath,implementationDependenciesMetadata,runtimeClasspath,testCompileClasspath,testImplementationDependenciesMetadata,testRuntimeClasspath
ch.qos.logback:logback-core:1.3.14=ktlint
ch.qos.logback:logback-core:1.5.12=compileClasspath,implementationDependenciesMetadata,runtimeClasspath,testCompileClasspath,testImplementationDependenciesMetadata,testRuntimeClasspath
com.charleskorn.kaml:kaml-jvm:0.104.0=runtimeClasspath,testRuntimeClasspath
com.charleskorn.kaml:kaml:0.104.0=runtimeClasspath,testRuntimeClasspath
com.ethlo.time:itu:1.10.2=runtimeClasspath,testRuntimeClasspath
com.fasterxml.jackson.core:jackson-annotations:2.22=compileClasspath,implementationDependenciesMetadata,runtimeClasspath,testCompileClasspath,testImplementationDependenciesMetadata,testRuntimeClasspath
com.fasterxml.jackson.core:jackson-core:2.22.0=compileClasspath,implementationDependenciesMetadata,testCompileClasspath,testImplementationDependenciesMetadata
com.fasterxml.jackson.core:jackson-core:2.22.1=runtimeClasspath,testRuntimeClasspath
com.fasterxml.jackson.core:jackson-databind:2.22.0=compileClasspath,implementationDependenciesMetadata,testCompileClasspath,testImplementationDependenciesMetadata
com.fasterxml.jackson.core:jackson-databind:2.22.1=runtimeClasspath,testRuntimeClasspath
com.fasterxml.jackson.dataformat:jackson-dataformat-yaml:2.22.0=compileClasspath,implementationDependenciesMetadata,testCompileClasspath,testImplementationDependenciesMetadata
com.fasterxml.jackson.dataformat:jackson-dataformat-yaml:2.22.1=runtimeClasspath,testRuntimeClasspath
com.fasterxml.jackson.module:jackson-module-kotlin:2.22.1=runtimeClasspath,testRuntimeClasspath
com.fasterxml.jackson:jackson-bom:2.22.0=compileClasspath,implementationDependenciesMetadata,testCompileClasspath,testImplementationDependenciesMetadata
com.fasterxml.jackson:jackson-bom:2.22.1=runtimeClasspath,testRuntimeClasspath
com.fasterxml:classmate:1.5.1=runtimeClasspath,testRuntimeClasspath
com.github.ajalt.clikt:clikt-jvm:5.0.2=ktlint
com.github.ajalt.clikt:clikt:5.0.2=ktlint
com.github.ben-manes.caffeine:caffeine:3.2.3=compileClasspath,implementationDependenciesMetadata,runtimeClasspath,testCompileClasspath,testImplementationDependenciesMetadata,testRuntimeClasspath
com.github.victools:jsonschema-generator:4.36.0=runtimeClasspath,testRuntimeClasspath
com.github.victools:jsonschema-module-jakarta-validation:4.36.0=runtimeClasspath,testRuntimeClasspath
com.google.errorprone:error_prone_annotations:2.43.0=compileClasspath,implementationDependenciesMetadata,runtimeClasspath,testCompileClasspath,testImplementationDependenciesMetadata,testRuntimeClasspath
com.ionspin.kotlin:bignum:0.3.10=implementationDependenciesMetadata,testImplementationDependenciesMetadata
com.networknt:json-schema-validator:1.5.3=runtimeClasspath,testRuntimeClasspath
com.nimbusds:nimbus-jose-jwt:10.9.1=compileClasspath,implementationDependenciesMetadata,runtimeClasspath,testCompileClasspath,testImplementationDependenciesMetadata,testRuntimeClasspath
com.pinterest.ktlint:ktlint-cli-reporter-baseline:1.5.0=ktlint,ktlintBaselineReporter
com.pinterest.ktlint:ktlint-cli-reporter-checkstyle:1.5.0=ktlint
com.pinterest.ktlint:ktlint-cli-reporter-core:1.5.0=ktlint,ktlintBaselineReporter
com.pinterest.ktlint:ktlint-cli-reporter-format:1.5.0=ktlint
com.pinterest.ktlint:ktlint-cli-reporter-html:1.5.0=ktlint
com.pinterest.ktlint:ktlint-cli-reporter-json:1.5.0=ktlint
com.pinterest.ktlint:ktlint-cli-reporter-plain-summary:1.5.0=ktlint
com.pinterest.ktlint:ktlint-cli-reporter-plain:1.5.0=ktlint
com.pinterest.ktlint:ktlint-cli-reporter-sarif:1.5.0=ktlint
com.pinterest.ktlint:ktlint-cli-ruleset-core:1.5.0=ktlint,ktlintRuleset
com.pinterest.ktlint:ktlint-cli:1.5.0=ktlint
com.pinterest.ktlint:ktlint-logger:1.5.0=ktlint,ktlintBaselineReporter,ktlintRuleset
com.pinterest.ktlint:ktlint-rule-engine-core:1.5.0=ktlint,ktlintBaselineReporter,ktlintRuleset
com.pinterest.ktlint:ktlint-rule-engine:1.5.0=ktlint
com.pinterest.ktlint:ktlint-ruleset-standard:1.5.0=ktlint,ktlintRuleset
com.squareup.okhttp3:okhttp-coroutines:5.3.2=runtimeClasspath,testRuntimeClasspath
com.squareup.okhttp3:okhttp-jvm:5.3.2=runtimeClasspath,testRuntimeClasspath
com.squareup.okhttp3:okhttp:5.3.2=runtimeClasspath,testRuntimeClasspath
com.squareup.okio:okio-jvm:3.17.0=runtimeClasspath,testRuntimeClasspath
com.squareup.okio:okio:3.17.0=implementationDependenciesMetadata,runtimeClasspath,testImplementationDependenciesMetadata,testRuntimeClasspath
com.sun.istack:istack-commons-runtime:4.1.2=compileClasspath,implementationDependenciesMetadata,runtimeClasspath,testCompileClasspath,testImplementationDependenciesMetadata,testRuntimeClasspath
com.typesafe:config:1.4.5=compileClasspath,runtimeClasspath,testCompileClasspath,testRuntimeClasspath
commons-codec:commons-codec:1.22.0=compileClasspath,implementationDependenciesMetadata,runtimeClasspath,testCompileClasspath,testImplementationDependenciesMetadata,testRuntimeClasspath
commons-io:commons-io:2.22.0=compileClasspath,implementationDependenciesMetadata,runtimeClasspath,testCompileClasspath,testImplementationDependenciesMetadata,testRuntimeClasspath
commons-logging:commons-logging:1.3.6=compileClasspath,implementationDependenciesMetadata,runtimeClasspath,testCompileClasspath,testImplementationDependenciesMetadata,testRuntimeClasspath
dev.drewhamilton.poko:poko-annotations-jvm:0.18.0=ktlint,ktlintBaselineReporter,ktlintRuleset
dev.drewhamilton.poko:poko-annotations:0.18.0=ktlint,ktlintBaselineReporter,ktlintRuleset
info.picocli:picocli:4.7.7=compileClasspath,implementationDependenciesMetadata,runtimeClasspath,testCompileClasspath,testImplementationDependenciesMetadata,testRuntimeClasspath
io.github.detekt.sarif4k:sarif4k-jvm:0.6.0=ktlint,ktlintReporter
io.github.detekt.sarif4k:sarif4k:0.6.0=ktlint,ktlintReporter
io.github.java-diff-utils:java-diff-utils:4.12=kotlinInternalAbiValidation
io.github.oshai:kotlin-logging-jvm:7.0.3=ktlint,ktlintBaselineReporter,ktlintReporter,ktlintRuleset
io.github.oshai:kotlin-logging-jvm:8.0.01=runtimeClasspath,testRuntimeClasspath
io.github.oshai:kotlin-logging:5.1.0=ktlint,ktlintBaselineReporter,ktlintReporter
io.github.oshai:kotlin-logging:8.0.01=implementationDependenciesMetadata,runtimeClasspath,testImplementationDependenciesMetadata,testRuntimeClasspath
io.hawt:hawtio-connect:5.2.1=compileClasspath,implementationDependenciesMetadata,runtimeClasspath,testCompileClasspath,testImplementationDependenciesMetadata,testRuntimeClasspath
io.hawt:hawtio-default:5.2.1=compileClasspath,implementationDependenciesMetadata,runtimeClasspath,testCompileClasspath,testImplementationDependenciesMetadata,testRuntimeClasspath
io.hawt:hawtio-embedded:5.2.1=compileClasspath,implementationDependenciesMetadata,runtimeClasspath,testCompileClasspath,testImplementationDependenciesMetadata,testRuntimeClasspath
io.hawt:hawtio-local-jvm-mbean:5.2.1=compileClasspath,implementationDependenciesMetadata,runtimeClasspath,testCompileClasspath,testImplementationDependenciesMetadata,testRuntimeClasspath
io.hawt:hawtio-log:5.2.1=compileClasspath,implementationDependenciesMetadata,runtimeClasspath,testCompileClasspath,testImplementationDependenciesMetadata,testRuntimeClasspath
io.hawt:hawtio-system:5.2.1=compileClasspath,implementationDependenciesMetadata,runtimeClasspath,testCompileClasspath,testImplementationDependenciesMetadata,testRuntimeClasspath
io.hawt:hawtio-war:5.2.1=compileClasspath,hawtioWar,implementationDependenciesMetadata,runtimeClasspath,testCompileClasspath,testImplementationDependenciesMetadata,testRuntimeClasspath
io.ktor:ktor-client-core-jvm:3.3.3=compileClasspath,runtimeClasspath,testCompileClasspath,testRuntimeClasspath
io.ktor:ktor-client-core:3.3.3=compileClasspath,implementationDependenciesMetadata,runtimeClasspath,testCompileClasspath,testImplementationDependenciesMetadata,testRuntimeClasspath
io.ktor:ktor-events-jvm:3.3.3=compileClasspath,runtimeClasspath,testCompileClasspath,testRuntimeClasspath
io.ktor:ktor-events:3.3.3=compileClasspath,implementationDependenciesMetadata,runtimeClasspath,testCompileClasspath,testImplementationDependenciesMetadata,testRuntimeClasspath
io.ktor:ktor-http-cio-jvm:3.3.3=compileClasspath,runtimeClasspath,testCompileClasspath,testRuntimeClasspath
io.ktor:ktor-http-cio:3.3.3=compileClasspath,implementationDependenciesMetadata,runtimeClasspath,testCompileClasspath,testImplementationDependenciesMetadata,testRuntimeClasspath
io.ktor:ktor-http-jvm:3.3.3=compileClasspath,runtimeClasspath,testCompileClasspath,testRuntimeClasspath
io.ktor:ktor-http:3.3.3=compileClasspath,implementationDependenciesMetadata,runtimeClasspath,testCompileClasspath,testImplementationDependenciesMetadata,testRuntimeClasspath
io.ktor:ktor-io-jvm:3.3.3=compileClasspath,runtimeClasspath,testCompileClasspath,testRuntimeClasspath
io.ktor:ktor-io:3.3.3=compileClasspath,implementationDependenciesMetadata,runtimeClasspath,testCompileClasspath,testImplementationDependenciesMetadata,testRuntimeClasspath
io.ktor:ktor-network-jvm:3.3.3=compileClasspath,runtimeClasspath,testCompileClasspath,testRuntimeClasspath
io.ktor:ktor-network:3.3.3=compileClasspath,runtimeClasspath,testCompileClasspath,testRuntimeClasspath
io.ktor:ktor-serialization-jvm:3.3.3=compileClasspath,runtimeClasspath,testCompileClasspath,testRuntimeClasspath
io.ktor:ktor-serialization-kotlinx-json-jvm:3.3.3=runtimeClasspath,testRuntimeClasspath
io.ktor:ktor-serialization-kotlinx-json:3.3.3=implementationDependenciesMetadata,runtimeClasspath,testImplementationDependenciesMetadata,testRuntimeClasspath
io.ktor:ktor-serialization-kotlinx-jvm:3.3.3=runtimeClasspath,testRuntimeClasspath
io.ktor:ktor-serialization-kotlinx:3.3.3=implementationDependenciesMetadata,runtimeClasspath,testImplementationDependenciesMetadata,testRuntimeClasspath
io.ktor:ktor-serialization:3.3.3=compileClasspath,implementationDependenciesMetadata,runtimeClasspath,testCompileClasspath,testImplementationDependenciesMetadata,testRuntimeClasspath
io.ktor:ktor-server-content-negotiation-jvm:3.3.3=runtimeClasspath,testRuntimeClasspath
io.ktor:ktor-server-content-negotiation:3.3.3=implementationDependenciesMetadata,runtimeClasspath,testImplementationDependenciesMetadata,testRuntimeClasspath
io.ktor:ktor-server-core-jvm:3.3.3=compileClasspath,runtimeClasspath,testCompileClasspath,testRuntimeClasspath
io.ktor:ktor-server-core:3.3.3=compileClasspath,implementationDependenciesMetadata,runtimeClasspath,testCompileClasspath,testImplementationDependenciesMetadata,testRuntimeClasspath
io.ktor:ktor-server-sse-jvm:3.3.3=compileClasspath,runtimeClasspath,testCompileClasspath,testRuntimeClasspath
io.ktor:ktor-server-sse:3.3.3=compileClasspath,implementationDependenciesMetadata,runtimeClasspath,testCompileClasspath,testImplementationDependenciesMetadata,testRuntimeClasspath
io.ktor:ktor-server-websockets-jvm:3.3.3=runtimeClasspath,testRuntimeClasspath
io.ktor:ktor-server-websockets:3.3.3=implementationDependenciesMetadata,runtimeClasspath,testImplementationDependenciesMetadata,testRuntimeClasspath
io.ktor:ktor-sse-jvm:3.3.3=compileClasspath,runtimeClasspath,testCompileClasspath,testRuntimeClasspath
io.ktor:ktor-sse:3.3.3=compileClasspath,implementationDependenciesMetadata,runtimeClasspath,testCompileClasspath,testImplementationDependenciesMetadata,testRuntimeClasspath
io.ktor:ktor-utils-jvm:3.3.3=compileClasspath,runtimeClasspath,testCompileClasspath,testRuntimeClasspath
io.ktor:ktor-utils:3.3.3=compileClasspath,implementationDependenciesMetadata,runtimeClasspath,testCompileClasspath,testImplementationDependenciesMetadata,testRuntimeClasspath
io.ktor:ktor-websocket-serialization-jvm:3.3.3=compileClasspath,runtimeClasspath,testCompileClasspath,testRuntimeClasspath
io.ktor:ktor-websocket-serialization:3.3.3=compileClasspath,implementationDependenciesMetadata,runtimeClasspath,testCompileClasspath,testImplementationDependenciesMetadata,testRuntimeClasspath
io.ktor:ktor-websockets-jvm:3.3.3=compileClasspath,runtimeClasspath,testCompileClasspath,testRuntimeClasspath
io.ktor:ktor-websockets:3.3.3=compileClasspath,implementationDependenciesMetadata,runtimeClasspath,testCompileClasspath,testImplementationDependenciesMetadata,testRuntimeClasspath
io.modelcontextprotocol:kotlin-sdk-client-jvm:0.12.0=compileClasspath,runtimeClasspath,testCompileClasspath,testRuntimeClasspath
io.modelcontextprotocol:kotlin-sdk-client:0.12.0=compileClasspath,implementationDependenciesMetadata,runtimeClasspath,testCompileClasspath,testImplementationDependenciesMetadata,testRuntimeClasspath
io.modelcontextprotocol:kotlin-sdk-core-jvm:0.12.0=compileClasspath,runtimeClasspath,testCompileClasspath,testRuntimeClasspath
io.modelcontextprotocol:kotlin-sdk-core:0.12.0=compileClasspath,implementationDependenciesMetadata,runtimeClasspath,testCompileClasspath,testImplementationDependenciesMetadata,testRuntimeClasspath
io.modelcontextprotocol:kotlin-sdk-jvm:0.12.0=compileClasspath,runtimeClasspath,testCompileClasspath,testRuntimeClasspath
io.modelcontextprotocol:kotlin-sdk-server-jvm:0.12.0=compileClasspath,runtimeClasspath,testCompileClasspath,testRuntimeClasspath
io.modelcontextprotocol:kotlin-sdk-server:0.12.0=compileClasspath,implementationDependenciesMetadata,runtimeClasspath,testCompileClasspath,testImplementationDependenciesMetadata,testRuntimeClasspath
io.modelcontextprotocol:kotlin-sdk:0.12.0=compileClasspath,implementationDependenciesMetadata,runtimeClasspath,testCompileClasspath,testImplementationDependenciesMetadata,testRuntimeClasspath
it.krzeminski:snakeyaml-engine-kmp-jvm:4.0.1=runtimeClasspath,testRuntimeClasspath
it.krzeminski:snakeyaml-engine-kmp:4.0.1=runtimeClasspath,testRuntimeClasspath
jakarta.activation:jakarta.activation-api:2.1.4=compileClasspath,implementationDependenciesMetadata,runtimeClasspath,testCompileClasspath,testImplementationDependenciesMetadata,testRuntimeClasspath
jakarta.servlet:jakarta.servlet-api:6.0.0=compileClasspath,implementationDependenciesMetadata,runtimeClasspath,testCompileClasspath,testImplementationDependenciesMetadata,testRuntimeClasspath
jakarta.validation:jakarta.validation-api:3.1.1=runtimeClasspath,testRuntimeClasspath
jakarta.xml.bind:jakarta.xml.bind-api:4.0.5=compileClasspath,implementationDependenciesMetadata,runtimeClasspath,testCompileClasspath,testImplementationDependenciesMetadata,testRuntimeClasspath
net.thauvin.erik.urlencoder:urlencoder-lib-jvm:1.6.0=runtimeClasspath,testRuntimeClasspath
net.thauvin.erik.urlencoder:urlencoder-lib:1.6.0=runtimeClasspath,testRuntimeClasspath
org.apache.camel:camel-api:4.21.0=compileClasspath,implementationDependenciesMetadata,runtimeClasspath,testCompileClasspath,testImplementationDependenciesMetadata,testRuntimeClasspath
org.apache.camel:camel-base-engine:4.21.0=compileClasspath,implementationDependenciesMetadata,runtimeClasspath,testCompileClasspath,testImplementationDependenciesMetadata,testRuntimeClasspath
org.apache.camel:camel-base:4.21.0=compileClasspath,implementationDependenciesMetadata,runtimeClasspath,testCompileClasspath,testImplementationDependenciesMetadata,testRuntimeClasspath
org.apache.camel:camel-bean:4.21.0=compileClasspath,implementationDependenciesMetadata,runtimeClasspath,testCompileClasspath,testImplementationDependenciesMetadata,testRuntimeClasspath
org.apache.camel:camel-browse:4.21.0=compileClasspath,implementationDependenciesMetadata,runtimeClasspath,testCompileClasspath,testImplementationDependenciesMetadata,testRuntimeClasspath
org.apache.camel:camel-cluster:4.21.0=compileClasspath,implementationDependenciesMetadata,runtimeClasspath,testCompileClasspath,testImplementationDependenciesMetadata,testRuntimeClasspath
org.apache.camel:camel-controlbus:4.21.0=compileClasspath,implementationDependenciesMetadata,runtimeClasspath,testCompileClasspath,testImplementationDependenciesMetadata,testRuntimeClasspath
org.apache.camel:camel-core-catalog:4.21.0=compileClasspath,implementationDependenciesMetadata,runtimeClasspath,testCompileClasspath,testImplementationDependenciesMetadata,testRuntimeClasspath
org.apache.camel:camel-core-engine:4.21.0=compileClasspath,implementationDependenciesMetadata,runtimeClasspath,testCompileClasspath,testImplementationDependenciesMetadata,testRuntimeClasspath
org.apache.camel:camel-core-languages:4.21.0=compileClasspath,implementationDependenciesMetadata,runtimeClasspath,testCompileClasspath,testImplementationDependenciesMetadata,testRuntimeClasspath
org.apache.camel:camel-core-model:4.21.0=compileClasspath,implementationDependenciesMetadata,runtimeClasspath,testCompileClasspath,testImplementationDependenciesMetadata,testRuntimeClasspath
org.apache.camel:camel-core-processor:4.21.0=compileClasspath,implementationDependenciesMetadata,runtimeClasspath,testCompileClasspath,testImplementationDependenciesMetadata,testRuntimeClasspath
org.apache.camel:camel-core-reifier:4.21.0=compileClasspath,implementationDependenciesMetadata,runtimeClasspath,testCompileClasspath,testImplementationDependenciesMetadata,testRuntimeClasspath
org.apache.camel:camel-core:4.21.0=compileClasspath,implementationDependenciesMetadata,runtimeClasspath,testCompileClasspath,testImplementationDependenciesMetadata,testRuntimeClasspath
org.apache.camel:camel-dataformat:4.21.0=compileClasspath,implementationDependenciesMetadata,runtimeClasspath,testCompileClasspath,testImplementationDependenciesMetadata,testRuntimeClasspath
org.apache.camel:camel-dataset:4.21.0=compileClasspath,implementationDependenciesMetadata,runtimeClasspath,testCompileClasspath,testImplementationDependenciesMetadata,testRuntimeClasspath
org.apache.camel:camel-direct:4.21.0=compileClasspath,implementationDependenciesMetadata,runtimeClasspath,testCompileClasspath,testImplementationDependenciesMetadata,testRuntimeClasspath
org.apache.camel:camel-dsl-support:4.21.0=compileClasspath,implementationDependenciesMetadata,runtimeClasspath,testCompileClasspath,testImplementationDependenciesMetadata,testRuntimeClasspath
org.apache.camel:camel-file:4.21.0=compileClasspath,implementationDependenciesMetadata,runtimeClasspath,testCompileClasspath,testImplementationDependenciesMetadata,testRuntimeClasspath
org.apache.camel:camel-health:4.21.0=compileClasspath,implementationDependenciesMetadata,runtimeClasspath,testCompileClasspath,testImplementationDependenciesMetadata,testRuntimeClasspath
org.apache.camel:camel-language:4.21.0=compileClasspath,implementationDependenciesMetadata,runtimeClasspath,testCompileClasspath,testImplementationDependenciesMetadata,testRuntimeClasspath
org.apache.camel:camel-log:4.21.0=compileClasspath,implementationDependenciesMetadata,runtimeClasspath,testCompileClasspath,testImplementationDependenciesMetadata,testRuntimeClasspath
org.apache.camel:camel-management-api:4.21.0=compileClasspath,implementationDependenciesMetadata,runtimeClasspath,testCompileClasspath,testImplementationDependenciesMetadata,testRuntimeClasspath
org.apache.camel:camel-management:4.21.0=compileClasspath,implementationDependenciesMetadata,runtimeClasspath,testCompileClasspath,testImplementationDependenciesMetadata,testRuntimeClasspath
org.apache.camel:camel-mock:4.21.0=compileClasspath,implementationDependenciesMetadata,runtimeClasspath,testCompileClasspath,testImplementationDependenciesMetadata,testRuntimeClasspath
org.apache.camel:camel-ref:4.21.0=compileClasspath,implementationDependenciesMetadata,runtimeClasspath,testCompileClasspath,testImplementationDependenciesMetadata,testRuntimeClasspath
org.apache.camel:camel-rest:4.21.0=compileClasspath,implementationDependenciesMetadata,runtimeClasspath,testCompileClasspath,testImplementationDependenciesMetadata,testRuntimeClasspath
org.apache.camel:camel-saga:4.21.0=compileClasspath,implementationDependenciesMetadata,runtimeClasspath,testCompileClasspath,testImplementationDependenciesMetadata,testRuntimeClasspath
org.apache.camel:camel-scheduler:4.21.0=compileClasspath,implementationDependenciesMetadata,runtimeClasspath,testCompileClasspath,testImplementationDependenciesMetadata,testRuntimeClasspath
org.apache.camel:camel-seda:4.21.0=compileClasspath,implementationDependenciesMetadata,runtimeClasspath,testCompileClasspath,testImplementationDependenciesMetadata,testRuntimeClasspath
org.apache.camel:camel-stub:4.21.0=compileClasspath,implementationDependenciesMetadata,runtimeClasspath,testCompileClasspath,testImplementationDependenciesMetadata,testRuntimeClasspath
org.apache.camel:camel-support:4.21.0=compileClasspath,implementationDependenciesMetadata,runtimeClasspath,testCompileClasspath,testImplementationDependenciesMetadata,testRuntimeClasspath
org.apache.camel:camel-timer:4.21.0=compileClasspath,implementationDependenciesMetadata,runtimeClasspath,testCompileClasspath,testImplementationDependenciesMetadata,testRuntimeClasspath
org.apache.camel:camel-tooling-model:4.21.0=compileClasspath,implementationDependenciesMetadata,runtimeClasspath,testCompileClasspath,testImplementationDependenciesMetadata,testRuntimeClasspath
org.apache.camel:camel-util-json:4.21.0=compileClasspath,implementationDependenciesMetadata,runtimeClasspath,testCompileClasspath,testImplementationDependenciesMetadata,testRuntimeClasspath
org.apache.camel:camel-util:4.21.0=compileClasspath,implementationDependenciesMetadata,runtimeClasspath,testCompileClasspath,testImplementationDependenciesMetadata,testRuntimeClasspath
org.apache.camel:camel-validator:4.21.0=compileClasspath,implementationDependenciesMetadata,runtimeClasspath,testCompileClasspath,testImplementationDependenciesMetadata,testRuntimeClasspath
org.apache.camel:camel-xml-io-dsl:4.21.0=compileClasspath,implementationDependenciesMetadata,runtimeClasspath,testCompileClasspath,testImplementationDependenciesMetadata,testRuntimeClasspath
org.apache.camel:camel-xml-io-util:4.21.0=compileClasspath,implementationDependenciesMetadata,runtimeClasspath,testCompileClasspath,testImplementationDependenciesMetadata,testRuntimeClasspath
org.apache.camel:camel-xml-io:4.21.0=compileClasspath,implementationDependenciesMetadata,runtimeClasspath,testCompileClasspath,testImplementationDependenciesMetadata,testRuntimeClasspath
org.apache.camel:camel-xml-jaxb:4.21.0=compileClasspath,implementationDependenciesMetadata,runtimeClasspath,testCompileClasspath,testImplementationDependenciesMetadata,testRuntimeClasspath
org.apache.camel:camel-xml-jaxp-util:4.21.0=compileClasspath,implementationDependenciesMetadata,runtimeClasspath,testCompileClasspath,testImplementationDependenciesMetadata,testRuntimeClasspath
org.apache.camel:camel-xml-jaxp:4.21.0=compileClasspath,implementationDependenciesMetadata,runtimeClasspath,testCompileClasspath,testImplementationDependenciesMetadata,testRuntimeClasspath
org.apache.camel:camel-xpath:4.21.0=compileClasspath,implementationDependenciesMetadata,runtimeClasspath,testCompileClasspath,testImplementationDependenciesMetadata,testRuntimeClasspath
org.apache.camel:camel-xslt:4.21.0=compileClasspath,implementationDependenciesMetadata,runtimeClasspath,testCompileClasspath,testImplementationDependenciesMetadata,testRuntimeClasspath
org.apache.camel:camel-yaml-io:4.21.0=compileClasspath,implementationDependenciesMetadata,runtimeClasspath,testCompileClasspath,testImplementationDependenciesMetadata,testRuntimeClasspath
org.apache.httpcomponents:httpclient:4.5.14=compileClasspath,implementationDependenciesMetadata,runtimeClasspath,testCompileClasspath,testImplementationDependenciesMetadata,testRuntimeClasspath
org.apache.httpcomponents:httpcore:4.4.16=compileClasspath,implementationDependenciesMetadata,runtimeClasspath,testCompileClasspath,testImplementationDependenciesMetadata,testRuntimeClasspath
org.apache.logging.log4j:log4j-api:2.26.0=compileClasspath,implementationDependenciesMetadata,runtimeClasspath,testCompileClasspath,testImplementationDependenciesMetadata,testRuntimeClasspath
org.apache.logging.log4j:log4j-core:2.26.0=runtimeClasspath,testRuntimeClasspath
org.apache.logging.log4j:log4j-slf4j2-impl:2.26.0=compileClasspath,implementationDependenciesMetadata,runtimeClasspath,testCompileClasspath,testImplementationDependenciesMetadata,testRuntimeClasspath
org.duckdb:duckdb_jdbc:1.5.2.0=runtimeClasspath,testRuntimeClasspath
org.ec4j.core:ec4j-core:1.1.0=ktlint,ktlintBaselineReporter,ktlintRuleset
org.eclipse.angus:angus-activation:2.0.3=runtimeClasspath,testRuntimeClasspath
org.eclipse.jetty.ee10:jetty-ee10-servlet:12.1.10=compileClasspath,implementationDependenciesMetadata,runtimeClasspath,testCompileClasspath,testImplementationDependenciesMetadata,testRuntimeClasspath
org.eclipse.jetty.ee10:jetty-ee10-webapp:12.1.10=compileClasspath,implementationDependenciesMetadata,runtimeClasspath,testCompileClasspath,testImplementationDependenciesMetadata,testRuntimeClasspath
org.eclipse.jetty.ee:jetty-ee-webapp:12.1.10=compileClasspath,implementationDependenciesMetadata,runtimeClasspath,testCompileClasspath,testImplementationDependenciesMetadata,testRuntimeClasspath
org.eclipse.jetty:jetty-http:12.1.10=compileClasspath,implementationDependenciesMetadata,runtimeClasspath,testCompileClasspath,testImplementationDependenciesMetadata,testRuntimeClasspath
org.eclipse.jetty:jetty-io:12.1.10=compileClasspath,implementationDependenciesMetadata,runtimeClasspath,testCompileClasspath,testImplementationDependenciesMetadata,testRuntimeClasspath
org.eclipse.jetty:jetty-security:12.1.10=compileClasspath,implementationDependenciesMetadata,runtimeClasspath,testCompileClasspath,testImplementationDependenciesMetadata,testRuntimeClasspath
org.eclipse.jetty:jetty-server:12.1.10=compileClasspath,implementationDependenciesMetadata,runtimeClasspath,testCompileClasspath,testImplementationDependenciesMetadata,testRuntimeClasspath
org.eclipse.jetty:jetty-session:12.1.10=compileClasspath,implementationDependenciesMetadata,runtimeClasspath,testCompileClasspath,testImplementationDependenciesMetadata,testRuntimeClasspath
org.eclipse.jetty:jetty-util:12.1.10=compileClasspath,implementationDependenciesMetadata,runtimeClasspath,testCompileClasspath,testImplementationDependenciesMetadata,testRuntimeClasspath
org.eclipse.jetty:jetty-xml:12.1.10=compileClasspath,implementationDependenciesMetadata,runtimeClasspath,testCompileClasspath,testImplementationDependenciesMetadata,testRuntimeClasspath
org.fusesource.jansi:jansi:2.4.2=runtimeClasspath,testRuntimeClasspath
org.glassfish.jaxb:jaxb-core:4.0.9=compileClasspath,implementationDependenciesMetadata,runtimeClasspath,testCompileClasspath,testImplementationDependenciesMetadata,testRuntimeClasspath
org.glassfish.jaxb:jaxb-runtime:4.0.9=compileClasspath,implementationDependenciesMetadata,runtimeClasspath,testCompileClasspath,testImplementationDependenciesMetadata,testRuntimeClasspath
org.glassfish.jaxb:txw2:4.0.9=compileClasspath,implementationDependenciesMetadata,runtimeClasspath,testCompileClasspath,testImplementationDependenciesMetadata,testRuntimeClasspath
org.jetbrains.intellij.deps:trove4j:1.0.20200330=ktlint,ktlintBaselineReporter,ktlintRuleset
org.jetbrains.kotlin:abi-tools-api:2.2.0=kotlinInternalAbiValidation
org.jetbrains.kotlin:abi-tools:2.2.0=kotlinInternalAbiValidation
org.jetbrains.kotlin:kotlin-build-tools-api:2.2.0=kotlinBuildToolsApiClasspath
org.jetbrains.kotlin:kotlin-build-tools-impl:2.2.0=kotlinBuildToolsApiClasspath
org.jetbrains.kotlin:kotlin-compiler-embeddable:2.1.0=ktlint,ktlintBaselineReporter,ktlintRuleset
org.jetbrains.kotlin:kotlin-compiler-embeddable:2.2.0=kotlinBuildToolsApiClasspath,kotlinCompilerClasspath,kotlinInternalAbiValidation,kotlinKlibCommonizerClasspath
org.jetbrains.kotlin:kotlin-compiler-runner:2.2.0=kotlinBuildToolsApiClasspath
org.jetbrains.kotlin:kotlin-daemon-client:2.2.0=kotlinBuildToolsApiClasspath
org.jetbrains.kotlin:kotlin-daemon-embeddable:2.1.0=ktlint,ktlintBaselineReporter,ktlintRuleset
org.jetbrains.kotlin:kotlin-daemon-embeddable:2.2.0=kotlinBuildToolsApiClasspath,kotlinCompilerClasspath,kotlinInternalAbiValidation,kotlinKlibCommonizerClasspath
org.jetbrains.kotlin:kotlin-klib-commonizer-embeddable:2.2.0=kotlinKlibCommonizerClasspath
org.jetbrains.kotlin:kotlin-metadata-jvm:2.2.0=kotlinInternalAbiValidation
org.jetbrains.kotlin:kotlin-reflect:1.6.10=kotlinBuildToolsApiClasspath,kotlinCompilerClasspath,kotlinInternalAbiValidation,kotlinKlibCommonizerClasspath,ktlint,ktlintBaselineReporter,ktlintRuleset
org.jetbrains.kotlin:kotlin-reflect:2.2.21=compileClasspath,implementationDependenciesMetadata,runtimeClasspath,testCompileClasspath,testImplementationDependenciesMetadata,testRuntimeClasspath
org.jetbrains.kotlin:kotlin-script-runtime:2.1.0=ktlint,ktlintBaselineReporter,ktlintRuleset
org.jetbrains.kotlin:kotlin-script-runtime:2.2.0=kotlinBuildToolsApiClasspath,kotlinCompilerClasspath,kotlinCompilerPluginClasspathMain,kotlinCompilerPluginClasspathTest,kotlinInternalAbiValidation,kotlinKlibCommonizerClasspath
org.jetbrains.kotlin:kotlin-scripting-common:2.2.0=kotlinBuildToolsApiClasspath,kotlinCompilerPluginClasspathMain,kotlinCompilerPluginClasspathTest
org.jetbrains.kotlin:kotlin-scripting-compiler-embeddable:2.2.0=kotlinBuildToolsApiClasspath,kotlinCompilerPluginClasspathMain,kotlinCompilerPluginClasspathTest
org.jetbrains.kotlin:kotlin-scripting-compiler-impl-embeddable:2.2.0=kotlinBuildToolsApiClasspath,kotlinCompilerPluginClasspathMain,kotlinCompilerPluginClasspathTest
org.jetbrains.kotlin:kotlin-scripting-jvm:2.2.0=kotlinBuildToolsApiClasspath,kotlinCompilerPluginClasspathMain,kotlinCompilerPluginClasspathTest
org.jetbrains.kotlin:kotlin-serialization-compiler-plugin-embeddable:2.2.0=kotlinCompilerPluginClasspathMain,kotlinCompilerPluginClasspathTest
org.jetbrains.kotlin:kotlin-stdlib-common:2.2.0=implementationDependenciesMetadata,ktlintReporter,testImplementationDependenciesMetadata
org.jetbrains.kotlin:kotlin-stdlib-jdk7:2.2.0=ktlintReporter
org.jetbrains.kotlin:kotlin-stdlib-jdk8:2.2.0=ktlintReporter
org.jetbrains.kotlin:kotlin-stdlib:2.2.0=apiDependenciesMetadata,compileClasspath,implementationDependenciesMetadata,kotlinBuildToolsApiClasspath,kotlinCompilerClasspath,kotlinCompilerPluginClasspathMain,kotlinCompilerPluginClasspathTest,kotlinInternalAbiValidation,kotlinKlibCommonizerClasspath,ktlint,ktlintBaselineReporter,ktlintReporter,ktlintRuleset,runtimeClasspath,testCompileClasspath,testImplementationDependenciesMetadata,testRuntimeClasspath
org.jetbrains.kotlinx:atomicfu:0.23.1=implementationDependenciesMetadata,testImplementationDependenciesMetadata
org.jetbrains.kotlinx:kotlinx-collections-immutable-jvm:0.4.0=compileClasspath,runtimeClasspath,testCompileClasspath,testRuntimeClasspath
org.jetbrains.kotlinx:kotlinx-collections-immutable:0.4.0=compileClasspath,implementationDependenciesMetadata,runtimeClasspath,testCompileClasspath,testImplementationDependenciesMetadata,testRuntimeClasspath
org.jetbrains.kotlinx:kotlinx-coroutines-bom:1.10.2=compileClasspath,runtimeClasspath,testCompileClasspath,testRuntimeClasspath
org.jetbrains.kotlinx:kotlinx-coroutines-core-jvm:1.10.2=compileClasspath,runtimeClasspath,testCompileClasspath,testRuntimeClasspath
org.jetbrains.kotlinx:kotlinx-coroutines-core-jvm:1.6.4=ktlint,ktlintBaselineReporter,ktlintRuleset
org.jetbrains.kotlinx:kotlinx-coroutines-core-jvm:1.8.0=kotlinBuildToolsApiClasspath,kotlinCompilerClasspath,kotlinInternalAbiValidation,kotlinKlibCommonizerClasspath
org.jetbrains.kotlinx:kotlinx-coroutines-core:1.10.2=compileClasspath,implementationDependenciesMetadata,runtimeClasspath,testCompileClasspath,testImplementationDependenciesMetadata,testRuntimeClasspath
org.jetbrains.kotlinx:kotlinx-coroutines-slf4j:1.10.2=runtimeClasspath,testRuntimeClasspath
org.jetbrains.kotlinx:kotlinx-datetime-jvm:0.7.1=runtimeClasspath,testRuntimeClasspath
org.jetbrains.kotlinx:kotlinx-datetime:0.7.1=implementationDependenciesMetadata,runtimeClasspath,testImplementationDependenciesMetadata,testRuntimeClasspath
org.jetbrains.kotlinx:kotlinx-io-bytestring-jvm:0.9.0=compileClasspath,runtimeClasspath,testCompileClasspath,testRuntimeClasspath
org.jetbrains.kotlinx:kotlinx-io-bytestring:0.9.0=compileClasspath,implementationDependenciesMetadata,runtimeClasspath,testCompileClasspath,testImplementationDependenciesMetadata,testRuntimeClasspath
org.jetbrains.kotlinx:kotlinx-io-core-jvm:0.9.0=compileClasspath,runtimeClasspath,testCompileClasspath,testRuntimeClasspath
org.jetbrains.kotlinx:kotlinx-io-core:0.9.0=compileClasspath,implementationDependenciesMetadata,runtimeClasspath,testCompileClasspath,testImplementationDependenciesMetadata,testRuntimeClasspath
org.jetbrains.kotlinx:kotlinx-serialization-bom:1.11.0=compileClasspath,runtimeClasspath,testCompileClasspath,testRuntimeClasspath
org.jetbrains.kotlinx:kotlinx-serialization-core-jvm:1.11.0=compileClasspath,runtimeClasspath,testCompileClasspath,testRuntimeClasspath
org.jetbrains.kotlinx:kotlinx-serialization-core-jvm:1.4.1=ktlintReporter
org.jetbrains.kotlinx:kotlinx-serialization-core:1.11.0=compileClasspath,implementationDependenciesMetadata,runtimeClasspath,testCompileClasspath,testImplementationDependenciesMetadata,testRuntimeClasspath
org.jetbrains.kotlinx:kotlinx-serialization-core:1.4.1=ktlintReporter
org.jetbrains.kotlinx:kotlinx-serialization-json-io-jvm:1.11.0=runtimeClasspath,testRuntimeClasspath
org.jetbrains.kotlinx:kotlinx-serialization-json-io:1.11.0=runtimeClasspath,testRuntimeClasspath
org.jetbrains.kotlinx:kotlinx-serialization-json-io:1.9.0=implementationDependenciesMetadata,testImplementationDependenciesMetadata
org.jetbrains.kotlinx:kotlinx-serialization-json-jvm:1.11.0=compileClasspath,runtimeClasspath,testCompileClasspath,testRuntimeClasspath
org.jetbrains.kotlinx:kotlinx-serialization-json-jvm:1.4.1=ktlintReporter
org.jetbrains.kotlinx:kotlinx-serialization-json:1.11.0=compileClasspath,implementationDependenciesMetadata,runtimeClasspath,testCompileClasspath,testImplementationDependenciesMetadata,testRuntimeClasspath
org.jetbrains.kotlinx:kotlinx-serialization-json:1.4.1=ktlintReporter
org.jetbrains:annotations:13.0=kotlinBuildToolsApiClasspath,kotlinCompilerClasspath,kotlinCompilerPluginClasspathMain,kotlinCompilerPluginClasspathTest,kotlinInternalAbiValidation,kotlinKlibCommonizerClasspath,ktlint,ktlintBaselineReporter,ktlintReporter,ktlintRuleset
org.jetbrains:annotations:23.0.0=compileClasspath,runtimeClasspath,testCompileClasspath,testRuntimeClasspath
org.jolokia:jolokia-agent-jvm:2.6.0=compileClasspath,implementationDependenciesMetadata,runtimeClasspath,testCompileClasspath,testImplementationDependenciesMetadata,testRuntimeClasspath
org.jolokia:jolokia-core:2.6.0=compileClasspath,implementationDependenciesMetadata,runtimeClasspath,testCompileClasspath,testImplementationDependenciesMetadata,testRuntimeClasspath
org.jolokia:jolokia-json:2.6.0=compileClasspath,implementationDependenciesMetadata,runtimeClasspath,testCompileClasspath,testImplementationDependenciesMetadata,testRuntimeClasspath
org.jolokia:jolokia-server-core:2.6.0=compileClasspath,implementationDependenciesMetadata,runtimeClasspath,testCompileClasspath,testImplementationDependenciesMetadata,testRuntimeClasspath
org.jolokia:jolokia-server-detector:2.6.0=compileClasspath,implementationDependenciesMetadata,runtimeClasspath,testCompileClasspath,testImplementationDependenciesMetadata,testRuntimeClasspath
org.jolokia:jolokia-service-discovery:2.6.0=compileClasspath,implementationDependenciesMetadata,runtimeClasspath,testCompileClasspath,testImplementationDependenciesMetadata,testRuntimeClasspath
org.jolokia:jolokia-service-history:2.6.0=compileClasspath,implementationDependenciesMetadata,runtimeClasspath,testCompileClasspath,testImplementationDependenciesMetadata,testRuntimeClasspath
org.jolokia:jolokia-service-jmx:2.6.0=compileClasspath,implementationDependenciesMetadata,runtimeClasspath,testCompileClasspath,testImplementationDependenciesMetadata,testRuntimeClasspath
org.jolokia:jolokia-service-jsr160:2.6.0=compileClasspath,implementationDependenciesMetadata,runtimeClasspath,testCompileClasspath,testImplementationDependenciesMetadata,testRuntimeClasspath
org.jolokia:jolokia-service-notif-pull:2.6.0=compileClasspath,implementationDependenciesMetadata,runtimeClasspath,testCompileClasspath,testImplementationDependenciesMetadata,testRuntimeClasspath
org.jolokia:jolokia-service-notif-sse:2.6.0=compileClasspath,implementationDependenciesMetadata,runtimeClasspath,testCompileClasspath,testImplementationDependenciesMetadata,testRuntimeClasspath
org.jolokia:jolokia-service-serializer:2.6.0=compileClasspath,implementationDependenciesMetadata,runtimeClasspath,testCompileClasspath,testImplementationDependenciesMetadata,testRuntimeClasspath
org.jspecify:jspecify:1.0.0=compileClasspath,implementationDependenciesMetadata,runtimeClasspath,testCompileClasspath,testImplementationDependenciesMetadata,testRuntimeClasspath
org.mvel:mvel2:2.5.2.Final=runtimeClasspath,testRuntimeClasspath
org.osgi:org.osgi.annotation.bundle:2.0.0=compileClasspath,implementationDependenciesMetadata,testCompileClasspath,testImplementationDependenciesMetadata
org.osgi:org.osgi.annotation.versioning:1.1.2=compileClasspath,implementationDependenciesMetadata,testCompileClasspath,testImplementationDependenciesMetadata
org.osgi:org.osgi.resource:1.0.0=compileClasspath,implementationDependenciesMetadata,testCompileClasspath,testImplementationDependenciesMetadata
org.osgi:org.osgi.service.serviceloader:1.0.0=compileClasspath,implementationDependenciesMetadata,testCompileClasspath,testImplementationDependenciesMetadata
org.slf4j:slf4j-api:2.0.18=compileClasspath,implementationDependenciesMetadata,runtimeClasspath,testCompileClasspath,testImplementationDependenciesMetadata,testRuntimeClasspath
org.slf4j:slf4j-api:2.0.7=ktlint
org.slf4j:slf4j-simple:2.0.11=compileClasspath,implementationDependenciesMetadata,runtimeClasspath,testCompileClasspath,testImplementationDependenciesMetadata,testRuntimeClasspath
org.yaml:snakeyaml:2.5=compileClasspath,implementationDependenciesMetadata,runtimeClasspath,testCompileClasspath,testImplementationDependenciesMetadata,testRuntimeClasspath
tools.aqua:turnkey-support:1.0.0=runtimeClasspath,testRuntimeClasspath
tools.aqua:z3-turnkey:4.14.0=compileClasspath,implementationDependenciesMetadata,runtimeClasspath,testCompileClasspath,testImplementationDependenciesMetadata,testRuntimeClasspath
empty=annotationProcessor,compileOnlyDependenciesMetadata,intransitiveDependenciesMetadata,kotlinCompilerPluginClasspath,kotlinNativeCompilerPluginClasspath,kotlinScriptDefExtensions,testAnnotationProcessor,testApiDependenciesMetadata,testCompileOnlyDependenciesMetadata,testIntransitiveDependenciesMetadata,testKotlinScriptDefExtensions
