# This is a Gradle generated file for dependency locking.
# Manual edits can break the build and are not advised.
# This file is expected to be part of source control.
aws.sdk.kotlin:aws-config-jvm:1.6.68=compileClasspath
aws.sdk.kotlin:aws-config:1.6.68=compileClasspath
aws.sdk.kotlin:aws-core-jvm:1.6.68=compileClasspath
aws.sdk.kotlin:aws-core:1.6.68=compileClasspath
aws.sdk.kotlin:aws-endpoint-jvm:1.6.68=compileClasspath
aws.sdk.kotlin:aws-endpoint:1.6.68=compileClasspath
aws.sdk.kotlin:bedrockruntime-jvm:1.6.68=compileClasspath
aws.sdk.kotlin:bedrockruntime:1.6.68=compileClasspath
aws.smithy.kotlin:aws-credentials-jvm:1.6.12=compileClasspath
aws.smithy.kotlin:aws-credentials:1.6.12=compileClasspath
aws.smithy.kotlin:aws-signing-common-jvm:1.6.12=compileClasspath
aws.smithy.kotlin:aws-signing-common:1.6.12=compileClasspath
aws.smithy.kotlin:http-auth-api-jvm:1.6.12=compileClasspath
aws.smithy.kotlin:http-auth-api:1.6.12=compileClasspath
aws.smithy.kotlin:http-auth-jvm:1.6.12=compileClasspath
aws.smithy.kotlin:http-auth:1.6.12=compileClasspath
aws.smithy.kotlin:http-client-jvm:1.6.12=compileClasspath
aws.smithy.kotlin:http-client:1.6.12=compileClasspath
aws.smithy.kotlin:http-jvm:1.6.12=compileClasspath
aws.smithy.kotlin:http:1.6.12=compileClasspath
aws.smithy.kotlin:identity-api-jvm:1.6.12=compileClasspath
aws.smithy.kotlin:identity-api:1.6.12=compileClasspath
aws.smithy.kotlin:runtime-core-jvm:1.6.12=compileClasspath
aws.smithy.kotlin:runtime-core:1.6.12=compileClasspath
aws.smithy.kotlin:smithy-client-jvm:1.6.12=compileClasspath
aws.smithy.kotlin:smithy-client:1.6.12=compileClasspath
aws.smithy.kotlin:telemetry-api-jvm:1.6.12=compileClasspath
aws.smithy.kotlin:telemetry-api:1.6.12=compileClasspath
com.ethlo.time:itu:1.10.2=compileClasspath
com.fasterxml.jackson.core:jackson-annotations:2.18.2=compileClasspath
com.fasterxml.jackson.core:jackson-core:2.18.2=compileClasspath
com.fasterxml.jackson.core:jackson-databind:2.18.2=compileClasspath
com.fasterxml.jackson.dataformat:jackson-dataformat-yaml:2.18.2=compileClasspath
com.fasterxml.jackson.module:jackson-module-kotlin:2.18.2=compileClasspath
com.fasterxml.jackson:jackson-bom:2.18.2=compileClasspath
com.fasterxml:classmate:1.5.1=compileClasspath
com.github.victools:jsonschema-generator:4.36.0=compileClasspath
com.github.victools:jsonschema-module-jakarta-validation:4.36.0=compileClasspath
com.networknt:json-schema-validator:1.5.3=compileClasspath
com.typesafe:config:1.4.5=compileClasspath
io.ktor:ktor-client-core-jvm:3.3.3=compileClasspath
io.ktor:ktor-client-core:3.3.3=compileClasspath
io.ktor:ktor-events-jvm:3.3.3=compileClasspath
io.ktor:ktor-events:3.3.3=compileClasspath
io.ktor:ktor-http-cio-jvm:3.3.3=compileClasspath
io.ktor:ktor-http-cio:3.3.3=compileClasspath
io.ktor:ktor-http-jvm:3.3.3=compileClasspath
io.ktor:ktor-http:3.3.3=compileClasspath
io.ktor:ktor-io-jvm:3.3.3=compileClasspath
io.ktor:ktor-io:3.3.3=compileClasspath
io.ktor:ktor-network-jvm:3.3.3=compileClasspath
io.ktor:ktor-network:3.3.3=compileClasspath
io.ktor:ktor-serialization-jvm:3.3.3=compileClasspath
io.ktor:ktor-serialization:3.3.3=compileClasspath
io.ktor:ktor-server-core-jvm:3.3.3=compileClasspath
io.ktor:ktor-server-core:3.3.3=compileClasspath
io.ktor:ktor-server-sse-jvm:3.3.3=compileClasspath
io.ktor:ktor-server-sse:3.3.3=compileClasspath
io.ktor:ktor-sse-jvm:3.3.3=compileClasspath
io.ktor:ktor-sse:3.3.3=compileClasspath
io.ktor:ktor-utils-jvm:3.3.3=compileClasspath
io.ktor:ktor-utils:3.3.3=compileClasspath
io.ktor:ktor-websocket-serialization-jvm:3.3.3=compileClasspath
io.ktor:ktor-websocket-serialization:3.3.3=compileClasspath
io.ktor:ktor-websockets-jvm:3.3.3=compileClasspath
io.ktor:ktor-websockets:3.3.3=compileClasspath
io.modelcontextprotocol:kotlin-sdk-client-jvm:0.12.0=compileClasspath
io.modelcontextprotocol:kotlin-sdk-client:0.12.0=compileClasspath
io.modelcontextprotocol:kotlin-sdk-core-jvm:0.12.0=compileClasspath
io.modelcontextprotocol:kotlin-sdk-core:0.12.0=compileClasspath
io.modelcontextprotocol:kotlin-sdk-jvm:0.12.0=compileClasspath
io.modelcontextprotocol:kotlin-sdk-server-jvm:0.12.0=compileClasspath
io.modelcontextprotocol:kotlin-sdk-server:0.12.0=compileClasspath
io.modelcontextprotocol:kotlin-sdk:0.12.0=compileClasspath
jakarta.validation:jakarta.validation-api:3.1.1=compileClasspath
org.jetbrains.kotlin:kotlin-build-tools-api:2.2.0=kotlinBuildToolsApiClasspath
org.jetbrains.kotlin:kotlin-build-tools-impl:2.2.0=kotlinBuildToolsApiClasspath
org.jetbrains.kotlin:kotlin-compiler-embeddable:2.2.0=kotlinBuildToolsApiClasspath,kotlinCompilerClasspath
org.jetbrains.kotlin:kotlin-compiler-runner:2.2.0=kotlinBuildToolsApiClasspath
org.jetbrains.kotlin:kotlin-daemon-client:2.2.0=kotlinBuildToolsApiClasspath
org.jetbrains.kotlin:kotlin-daemon-embeddable:2.2.0=kotlinBuildToolsApiClasspath,kotlinCompilerClasspath
org.jetbrains.kotlin:kotlin-reflect:1.6.10=kotlinBuildToolsApiClasspath,kotlinCompilerClasspath
org.jetbrains.kotlin:kotlin-reflect:2.2.21=compileClasspath
org.jetbrains.kotlin:kotlin-script-runtime:2.2.0=kotlinBuildToolsApiClasspath,kotlinCompilerClasspath,kotlinCompilerPluginClasspathMain
org.jetbrains.kotlin:kotlin-scripting-common:2.2.0=kotlinBuildToolsApiClasspath,kotlinCompilerPluginClasspathMain
org.jetbrains.kotlin:kotlin-scripting-compiler-embeddable:2.2.0=kotlinBuildToolsApiClasspath,kotlinCompilerPluginClasspathMain
org.jetbrains.kotlin:kotlin-scripting-compiler-impl-embeddable:2.2.0=kotlinBuildToolsApiClasspath,kotlinCompilerPluginClasspathMain
org.jetbrains.kotlin:kotlin-scripting-jvm:2.2.0=kotlinBuildToolsApiClasspath,kotlinCompilerPluginClasspathMain
org.jetbrains.kotlin:kotlin-serialization-compiler-plugin-embeddable:2.2.0=kotlinCompilerPluginClasspathMain
org.jetbrains.kotlin:kotlin-stdlib:2.2.0=compileClasspath,kotlinBuildToolsApiClasspath,kotlinCompilerClasspath,kotlinCompilerPluginClasspathMain
org.jetbrains.kotlinx:kotlinx-collections-immutable-jvm:0.4.0=compileClasspath
org.jetbrains.kotlinx:kotlinx-collections-immutable:0.4.0=compileClasspath
org.jetbrains.kotlinx:kotlinx-coroutines-bom:1.10.2=compileClasspath
org.jetbrains.kotlinx:kotlinx-coroutines-core-jvm:1.10.2=compileClasspath
org.jetbrains.kotlinx:kotlinx-coroutines-core-jvm:1.8.0=kotlinBuildToolsApiClasspath,kotlinCompilerClasspath
org.jetbrains.kotlinx:kotlinx-coroutines-core:1.10.2=compileClasspath
org.jetbrains.kotlinx:kotlinx-io-bytestring-jvm:0.9.0=compileClasspath
org.jetbrains.kotlinx:kotlinx-io-bytestring:0.9.0=compileClasspath
org.jetbrains.kotlinx:kotlinx-io-core-jvm:0.9.0=compileClasspath
org.jetbrains.kotlinx:kotlinx-io-core:0.9.0=compileClasspath
org.jetbrains.kotlinx:kotlinx-serialization-bom:1.11.0=compileClasspath
org.jetbrains.kotlinx:kotlinx-serialization-core-jvm:1.11.0=compileClasspath
org.jetbrains.kotlinx:kotlinx-serialization-core:1.11.0=compileClasspath
org.jetbrains.kotlinx:kotlinx-serialization-json-jvm:1.11.0=compileClasspath
org.jetbrains.kotlinx:kotlinx-serialization-json:1.11.0=compileClasspath
org.jetbrains:annotations:13.0=kotlinBuildToolsApiClasspath,kotlinCompilerClasspath,kotlinCompilerPluginClasspathMain
org.jetbrains:annotations:23.0.0=compileClasspath
org.slf4j:slf4j-api:2.0.17=compileClasspath
org.yaml:snakeyaml:2.3=compileClasspath
empty=annotationProcessor,kotlinScriptDefExtensions
